# This file is autogenerated, do not edit; changes may be undone by the next 'dep ensure'.


[[projects]]
  branch = "master"
  name = "github.com/unchainio/pkg"
  packages = ["xsync"]
  revision = "5bb9bf1281ccd05f33301f88b13375c6bbaa1ef6"

[solve-meta]
  analyzer-name = "dep"
  analyzer-version = 1
  inputs-digest = "970afa5db3f1292f3940eb0eeb63e9b308288494edbf791b44c0529de6e76210"
  solver-name = "gps-cdcl"
  solver-version = 1
